PODS:
  - connectivity (0.0.1):
    - Flutter
    - Reachability
  - Flutter (1.0.0)
  - flutter_lottie (0.0.1):
    - Flutter
    - lottie-ios
  - fzxing (0.2.0):
    - Flutter
    - LBXScan/LBXZXing (~> 2.3)
    - LBXScan/UI (~> 2.3)
  - LBXScan/LBXZXing (2.3):
    - LBXScan/Types (~> 2.2)
  - LBXScan/Types (2.3)
  - LBXScan/UI (2.3):
    - LBXScan/Types (~> 2.2)
  - lottie-ios (2.5.3)
  - Reachability (3.2)
  - shared_preferences (0.0.1):
    - Flutter
  - webview_flutter (0.0.1):
    - Flutter
  - wifi (0.0.1):
    - Flutter

DEPENDENCIES:
  - connectivity (from `.symlinks/plugins/connectivity/ios`)
  - Flutter (from `Flutter`)
  - flutter_lottie (from `.symlinks/plugins/flutter_lottie/ios`)
  - fzxing (from `.symlinks/plugins/fzxing/ios`)
  - shared_preferences (from `.symlinks/plugins/shared_preferences/ios`)
  - webview_flutter (from `.symlinks/plugins/webview_flutter/ios`)
  - wifi (from `.symlinks/plugins/wifi/ios`)

SPEC REPOS:
  trunk:
    - LBXScan
    - lottie-ios
    - Reachability

EXTERNAL SOURCES:
  connectivity:
    :path: ".symlinks/plugins/connectivity/ios"
  Flutter:
    :path: Flutter
  flutter_lottie:
    :path: ".symlinks/plugins/flutter_lottie/ios"
  fzxing:
    :path: ".symlinks/plugins/fzxing/ios"
  shared_preferences:
    :path: ".symlinks/plugins/shared_preferences/ios"
  webview_flutter:
    :path: ".symlinks/plugins/webview_flutter/ios"
  wifi:
    :path: ".symlinks/plugins/wifi/ios"

SPEC CHECKSUMS:
  connectivity: 6e94255659cc86dcbef1d452ad3e0491bb1b3e75
  Flutter: 0e3d915762c693b495b44d77113d4970485de6ec
  flutter_lottie: c1fd7e92e771209f8b623119646c15201c5e8c87
  fzxing: 60ba1aa12efdaf420cc7ea8150e1ef85e8e0efeb
  LBXScan: e51449f0832d1fe17da632af0d22adeb3cfa3543
  lottie-ios: a50d5c0160425cd4b01b852bb9578963e6d92d31
  Reachability: 33e18b67625424e47b6cde6d202dce689ad7af96
  shared_preferences: af6bfa751691cdc24be3045c43ec037377ada40d
  webview_flutter: db3aba222b23e4dc432e0c5882834123dc50ff9f
  wifi: d7d77c94109e36c4175d845f0a5964eadba71060

PODFILE CHECKSUM: aafe91acc616949ddb318b77800a7f51bffa2a4c

COCOAPODS: 1.9.3
